{
  "requires": true,
  "lockfileVersion": 1,
  "dependencies": {
    "@types/node": {
      "version": "10.11.7",
      "resolved": "https://registry.npmjs.org/@types/node/-/node-10.11.7.tgz",
      "integrity": "sha512-yOxFfkN9xUFLyvWaeYj90mlqTJ41CsQzWKS3gXdOMOyPVacUsymejKxJ4/pMW7exouubuEeZLJawGgcNGYlTeg=="
    },
    "@types/prop-types": {
      "version": "15.5.6",
      "resolved": "https://registry.npmjs.org/@types/prop-types/-/prop-types-15.5.6.tgz",
      "integrity": "sha512-ZBFR7TROLVzCkswA3Fmqq+IIJt62/T7aY/Dmz+QkU7CaW2QFqAitCE8Ups7IzmGhcN1YWMBT4Qcoc07jU9hOJQ=="
    },
    "@types/react": {
      "version": "16.4.16",
      "resolved": "https://registry.npmjs.org/@types/react/-/react-16.4.16.tgz",
      "integrity": "sha512-lxyoipLWweAnLnSsV4Ho2NAZTKKmxeYgkTQ6PaDiPDU9JJBUY2zJVVGiK1smzYv8+ZgbqEmcm5xM74GCpunSEA==",
      "requires": {
        "@types/prop-types": "*",
        "csstype": "^2.2.0"
      }
    },
    "@types/react-dom": {
      "version": "16.0.9",
      "resolved": "https://registry.npmjs.org/@types/react-dom/-/react-dom-16.0.9.tgz",
      "integrity": "sha512-4Z0bW+75zeQgsEg7RaNuS1k9MKhci7oQqZXxrV5KUGIyXZHHAAL3KA4rjhdH8o6foZ5xsRMSqkoM5A3yRVPR5w==",
      "requires": {
        "@types/node": "*",
        "@types/react": "*"
      }
    },
    "csstype": {
      "version": "2.5.7",
      "resolved": "https://registry.npmjs.org/csstype/-/csstype-2.5.7.tgz",
      "integrity": "sha512-Nt5VDyOTIIV4/nRFswoCKps1R5CD1hkiyjBE9/thNaNZILLEviVw9yWQw15+O+CpNjQKB/uvdcxFFOrSflY3Yw=="
    }
  }
}
